
Microsoft Visual Studio Solution File, Format Version 12.00
# Visual Studio Version 17
VisualStudioVersion = 17.12.35506.116
MinimumVisualStudioVersion = 10.0.40219.1
Project("{2150E333-8FDC-42A3-9474-1A3956D46DE8}") = "Services", "Services", "{8FAA0F46-3FBE-426A-8FC9-84B4E2D46AA2}"
EndProject
Project("{2150E333-8FDC-42A3-9474-1A3956D46DE8}") = "Catalog", "Catalog", "{6F6A40B1-D95B-42F3-A756-C801601F3175}"
EndProject
Project("{FAE04EC0-301F-11D3-BF4B-00C04F79EFBC}") = "Catalog.API", "Services\Catalog\Catalog.API\Catalog.API.csproj", "{5834DFBE-BB9E-4E34-881A-D76DBBFA878B}"
EndProject
Project("{FAE04EC0-301F-11D3-BF4B-00C04F79EFBC}") = "Catalog.Application", "Services\Catalog\Catalog.Application\Catalog.Application.csproj", "{EAA20FEA-F1D5-429E-BFC8-E0C788755B8D}"
EndProject
Project("{FAE04EC0-301F-11D3-BF4B-00C04F79EFBC}") = "Catalog.Infrastructure", "Services\Catalog\Catalog.Infrastructure\Catalog.Infrastructure.csproj", "{6C0F0F5B-A98F-40E0-BE95-1D1CD12BADF1}"
EndProject
Project("{FAE04EC0-301F-11D3-BF4B-00C04F79EFBC}") = "Catalog.Core", "Services\Catalog\Catalog.Core\Catalog.Core.csproj", "{4E30D16F-FDD4-4FF2-9E54-FD455006BE90}"
EndProject
Project("{E53339B2-1760-4266-BCC7-CA923CBCF16C}") = "docker-compose", "docker-compose.dcproj", "{6D9C9E22-F551-4FAB-B35F-A06A82E4E7E4}"
EndProject
Project("{2150E333-8FDC-42A3-9474-1A3956D46DE8}") = "Basket", "Basket", "{0390ACC4-355B-4D04-B75F-7395E9A1BBBE}"
EndProject
Project("{FAE04EC0-301F-11D3-BF4B-00C04F79EFBC}") = "Basket.API", "Services\Basket\Basket.API\Basket.API.csproj", "{8FE3D3D7-C135-48BC-8BAE-453C4654100D}"
EndProject
Project("{FAE04EC0-301F-11D3-BF4B-00C04F79EFBC}") = "Basket.Application", "Services\Basket\Basket.Application\Basket.Application.csproj", "{0E0E65FD-3BD4-4519-8D1D-526B9D4CADE5}"
EndProject
Project("{FAE04EC0-301F-11D3-BF4B-00C04F79EFBC}") = "Basket.Core", "Services\Basket\Basket.Core\Basket.Core.csproj", "{E6899A49-F1E3-47D6-AB55-F4968199B414}"
EndProject
Project("{FAE04EC0-301F-11D3-BF4B-00C04F79EFBC}") = "Basket.Infrastructure", "Services\Basket\Basket.Infrastructure\Basket.Infrastructure.csproj", "{D7BDB8EB-3C5B-4003-B50F-0606169EA36C}"
EndProject
Project("{2150E333-8FDC-42A3-9474-1A3956D46DE8}") = "Discount", "Discount", "{160918AE-5B3E-4366-B8AA-A099289F71AB}"
EndProject
Project("{FAE04EC0-301F-11D3-BF4B-00C04F79EFBC}") = "Discount.API", "Services\Discount\Discount.API\Discount.API.csproj", "{1BD4E236-8644-4117-87A7-44B92B1DE55B}"
EndProject
Project("{FAE04EC0-301F-11D3-BF4B-00C04F79EFBC}") = "Discount.Core", "Services\Discount\Discount.Core\Discount.Core.csproj", "{5950FC3F-5EB2-4383-9B9E-A41303882AD3}"
EndProject
Project("{FAE04EC0-301F-11D3-BF4B-00C04F79EFBC}") = "Discount.Application", "Services\Discount\Discount.Application\Discount.Application.csproj", "{279AC518-B326-4311-B20D-159D106A3548}"
EndProject
Project("{FAE04EC0-301F-11D3-BF4B-00C04F79EFBC}") = "Discount.Infrastructure", "Services\Discount\Discount.Infrastructure\Discount.Infrastructure.csproj", "{BDC9B844-96AD-4E18-A0F6-72BE67DA99A0}"
EndProject
Global
	GlobalSection(SolutionConfigurationPlatforms) = preSolution
		Debug|Any CPU = Debug|Any CPU
		Release|Any CPU = Release|Any CPU
	EndGlobalSection
	GlobalSection(ProjectConfigurationPlatforms) = postSolution
		{5834DFBE-BB9E-4E34-881A-D76DBBFA878B}.Debug|Any CPU.ActiveCfg = Debug|Any CPU
		{5834DFBE-BB9E-4E34-881A-D76DBBFA878B}.Debug|Any CPU.Build.0 = Debug|Any CPU
		{5834DFBE-BB9E-4E34-881A-D76DBBFA878B}.Release|Any CPU.ActiveCfg = Release|Any CPU
		{5834DFBE-BB9E-4E34-881A-D76DBBFA878B}.Release|Any CPU.Build.0 = Release|Any CPU
		{EAA20FEA-F1D5-429E-BFC8-E0C788755B8D}.Debug|Any CPU.ActiveCfg = Debug|Any CPU
		{EAA20FEA-F1D5-429E-BFC8-E0C788755B8D}.Debug|Any CPU.Build.0 = Debug|Any CPU
		{EAA20FEA-F1D5-429E-BFC8-E0C788755B8D}.Release|Any CPU.ActiveCfg = Release|Any CPU
		{EAA20FEA-F1D5-429E-BFC8-E0C788755B8D}.Release|Any CPU.Build.0 = Release|Any CPU
		{6C0F0F5B-A98F-40E0-BE95-1D1CD12BADF1}.Debug|Any CPU.ActiveCfg = Debug|Any CPU
		{6C0F0F5B-A98F-40E0-BE95-1D1CD12BADF1}.Debug|Any CPU.Build.0 = Debug|Any CPU
		{6C0F0F5B-A98F-40E0-BE95-1D1CD12BADF1}.Release|Any CPU.ActiveCfg = Release|Any CPU
		{6C0F0F5B-A98F-40E0-BE95-1D1CD12BADF1}.Release|Any CPU.Build.0 = Release|Any CPU
		{4E30D16F-FDD4-4FF2-9E54-FD455006BE90}.Debug|Any CPU.ActiveCfg = Debug|Any CPU
		{4E30D16F-FDD4-4FF2-9E54-FD455006BE90}.Debug|Any CPU.Build.0 = Debug|Any CPU
		{4E30D16F-FDD4-4FF2-9E54-FD455006BE90}.Release|Any CPU.ActiveCfg = Release|Any CPU
		{4E30D16F-FDD4-4FF2-9E54-FD455006BE90}.Release|Any CPU.Build.0 = Release|Any CPU
		{6D9C9E22-F551-4FAB-B35F-A06A82E4E7E4}.Debug|Any CPU.ActiveCfg = Debug|Any CPU
		{6D9C9E22-F551-4FAB-B35F-A06A82E4E7E4}.Debug|Any CPU.Build.0 = Debug|Any CPU
		{6D9C9E22-F551-4FAB-B35F-A06A82E4E7E4}.Release|Any CPU.ActiveCfg = Release|Any CPU
		{6D9C9E22-F551-4FAB-B35F-A06A82E4E7E4}.Release|Any CPU.Build.0 = Release|Any CPU
		{8FE3D3D7-C135-48BC-8BAE-453C4654100D}.Debug|Any CPU.ActiveCfg = Debug|Any CPU
		{8FE3D3D7-C135-48BC-8BAE-453C4654100D}.Debug|Any CPU.Build.0 = Debug|Any CPU
		{8FE3D3D7-C135-48BC-8BAE-453C4654100D}.Release|Any CPU.ActiveCfg = Release|Any CPU
		{8FE3D3D7-C135-48BC-8BAE-453C4654100D}.Release|Any CPU.Build.0 = Release|Any CPU
		{0E0E65FD-3BD4-4519-8D1D-526B9D4CADE5}.Debug|Any CPU.ActiveCfg = Debug|Any CPU
		{0E0E65FD-3BD4-4519-8D1D-526B9D4CADE5}.Debug|Any CPU.Build.0 = Debug|Any CPU
		{0E0E65FD-3BD4-4519-8D1D-526B9D4CADE5}.Release|Any CPU.ActiveCfg = Release|Any CPU
		{0E0E65FD-3BD4-4519-8D1D-526B9D4CADE5}.Release|Any CPU.Build.0 = Release|Any CPU
		{E6899A49-F1E3-47D6-AB55-F4968199B414}.Debug|Any CPU.ActiveCfg = Debug|Any CPU
		{E6899A49-F1E3-47D6-AB55-F4968199B414}.Debug|Any CPU.Build.0 = Debug|Any CPU
		{E6899A49-F1E3-47D6-AB55-F4968199B414}.Release|Any CPU.ActiveCfg = Release|Any CPU
		{E6899A49-F1E3-47D6-AB55-F4968199B414}.Release|Any CPU.Build.0 = Release|Any CPU
		{D7BDB8EB-3C5B-4003-B50F-0606169EA36C}.Debug|Any CPU.ActiveCfg = Debug|Any CPU
		{D7BDB8EB-3C5B-4003-B50F-0606169EA36C}.Debug|Any CPU.Build.0 = Debug|Any CPU
		{D7BDB8EB-3C5B-4003-B50F-0606169EA36C}.Release|Any CPU.ActiveCfg = Release|Any CPU
		{D7BDB8EB-3C5B-4003-B50F-0606169EA36C}.Release|Any CPU.Build.0 = Release|Any CPU
		{1BD4E236-8644-4117-87A7-44B92B1DE55B}.Debug|Any CPU.ActiveCfg = Debug|Any CPU
		{1BD4E236-8644-4117-87A7-44B92B1DE55B}.Debug|Any CPU.Build.0 = Debug|Any CPU
		{1BD4E236-8644-4117-87A7-44B92B1DE55B}.Release|Any CPU.ActiveCfg = Release|Any CPU
		{1BD4E236-8644-4117-87A7-44B92B1DE55B}.Release|Any CPU.Build.0 = Release|Any CPU
		{5950FC3F-5EB2-4383-9B9E-A41303882AD3}.Debug|Any CPU.ActiveCfg = Debug|Any CPU
		{5950FC3F-5EB2-4383-9B9E-A41303882AD3}.Debug|Any CPU.Build.0 = Debug|Any CPU
		{5950FC3F-5EB2-4383-9B9E-A41303882AD3}.Release|Any CPU.ActiveCfg = Release|Any CPU
		{5950FC3F-5EB2-4383-9B9E-A41303882AD3}.Release|Any CPU.Build.0 = Release|Any CPU
		{279AC518-B326-4311-B20D-159D106A3548}.Debug|Any CPU.ActiveCfg = Debug|Any CPU
		{279AC518-B326-4311-B20D-159D106A3548}.Debug|Any CPU.Build.0 = Debug|Any CPU
		{279AC518-B326-4311-B20D-159D106A3548}.Release|Any CPU.ActiveCfg = Release|Any CPU
		{279AC518-B326-4311-B20D-159D106A3548}.Release|Any CPU.Build.0 = Release|Any CPU
		{BDC9B844-96AD-4E18-A0F6-72BE67DA99A0}.Debug|Any CPU.ActiveCfg = Debug|Any CPU
		{BDC9B844-96AD-4E18-A0F6-72BE67DA99A0}.Debug|Any CPU.Build.0 = Debug|Any CPU
		{BDC9B844-96AD-4E18-A0F6-72BE67DA99A0}.Release|Any CPU.ActiveCfg = Release|Any CPU
		{BDC9B844-96AD-4E18-A0F6-72BE67DA99A0}.Release|Any CPU.Build.0 = Release|Any CPU
	EndGlobalSection
	GlobalSection(SolutionProperties) = preSolution
		HideSolutionNode = FALSE
	EndGlobalSection
	GlobalSection(NestedProjects) = preSolution
		{6F6A40B1-D95B-42F3-A756-C801601F3175} = {8FAA0F46-3FBE-426A-8FC9-84B4E2D46AA2}
		{5834DFBE-BB9E-4E34-881A-D76DBBFA878B} = {6F6A40B1-D95B-42F3-A756-C801601F3175}
		{EAA20FEA-F1D5-429E-BFC8-E0C788755B8D} = {6F6A40B1-D95B-42F3-A756-C801601F3175}
		{6C0F0F5B-A98F-40E0-BE95-1D1CD12BADF1} = {6F6A40B1-D95B-42F3-A756-C801601F3175}
		{4E30D16F-FDD4-4FF2-9E54-FD455006BE90} = {6F6A40B1-D95B-42F3-A756-C801601F3175}
		{0390ACC4-355B-4D04-B75F-7395E9A1BBBE} = {8FAA0F46-3FBE-426A-8FC9-84B4E2D46AA2}
		{8FE3D3D7-C135-48BC-8BAE-453C4654100D} = {0390ACC4-355B-4D04-B75F-7395E9A1BBBE}
		{0E0E65FD-3BD4-4519-8D1D-526B9D4CADE5} = {0390ACC4-355B-4D04-B75F-7395E9A1BBBE}
		{E6899A49-F1E3-47D6-AB55-F4968199B414} = {0390ACC4-355B-4D04-B75F-7395E9A1BBBE}
		{D7BDB8EB-3C5B-4003-B50F-0606169EA36C} = {0390ACC4-355B-4D04-B75F-7395E9A1BBBE}
		{160918AE-5B3E-4366-B8AA-A099289F71AB} = {8FAA0F46-3FBE-426A-8FC9-84B4E2D46AA2}
		{1BD4E236-8644-4117-87A7-44B92B1DE55B} = {160918AE-5B3E-4366-B8AA-A099289F71AB}
		{5950FC3F-5EB2-4383-9B9E-A41303882AD3} = {160918AE-5B3E-4366-B8AA-A099289F71AB}
		{279AC518-B326-4311-B20D-159D106A3548} = {160918AE-5B3E-4366-B8AA-A099289F71AB}
		{BDC9B844-96AD-4E18-A0F6-72BE67DA99A0} = {160918AE-5B3E-4366-B8AA-A099289F71AB}
	EndGlobalSection
EndGlobal
